
Microsoft Visual Studio Solution File, Format Version 12.00
# Visual Studio Version 17
VisualStudioVersion = 17.0.31903.59
MinimumVisualStudioVersion = 10.0.40219.1
Project("{2150E333-8FDC-42A3-9474-1A3956D46DE8}") = "src", "src", "{827E0CD3-B72D-47B6-A68D-7590B98EB39B}"
EndProject
Project("{FAE04EC0-301F-11D3-BF4B-00C04F79EFBC}") = "SoftClub.Api", "src\SoftClub.Api\SoftClub.Api.csproj", "{47B68244-5052-426E-8B3F-DC617EF0E7D4}"
EndProject
Project("{FAE04EC0-301F-11D3-BF4B-00C04F79EFBC}") = "SoftClub.Domain", "src\SoftClub.Domain\SoftClub.Domain.csproj", "{F7426B2C-F4C1-4333-AC5E-09A128EBE592}"
EndProject
Project("{FAE04EC0-301F-11D3-BF4B-00C04F79EFBC}") = "SoftClub.Application", "src\SoftClub.Application\SoftClub.Application.csproj", "{C70CEF08-9788-4B95-84EF-79F8008A8AF7}"
EndProject
Project("{FAE04EC0-301F-11D3-BF4B-00C04F79EFBC}") = "SoftClub.Infrastructure", "src\SoftClub.Infrastructure\SoftClub.Infrastructure.csproj", "{8EFD0637-C1D9-4769-B509-862D3C032CEB}"
EndProject
Project("{FAE04EC0-301F-11D3-BF4B-00C04F79EFBC}") = "SoftClub.Persistence", "src\SoftClub.Persistence\SoftClub.Persistence.csproj", "{16902988-04D9-437D-94C2-E90E3D98FC55}"
EndProject
Global
	GlobalSection(SolutionConfigurationPlatforms) = preSolution
		Debug|Any CPU = Debug|Any CPU
		Debug|x64 = Debug|x64
		Debug|x86 = Debug|x86
		Release|Any CPU = Release|Any CPU
		Release|x64 = Release|x64
		Release|x86 = Release|x86
	EndGlobalSection
	GlobalSection(ProjectConfigurationPlatforms) = postSolution
		{47B68244-5052-426E-8B3F-DC617EF0E7D4}.Debug|Any CPU.ActiveCfg = Debug|Any CPU
		{47B68244-5052-426E-8B3F-DC617EF0E7D4}.Debug|Any CPU.Build.0 = Debug|Any CPU
		{47B68244-5052-426E-8B3F-DC617EF0E7D4}.Debug|x64.ActiveCfg = Debug|Any CPU
		{47B68244-5052-426E-8B3F-DC617EF0E7D4}.Debug|x64.Build.0 = Debug|Any CPU
		{47B68244-5052-426E-8B3F-DC617EF0E7D4}.Debug|x86.ActiveCfg = Debug|Any CPU
		{47B68244-5052-426E-8B3F-DC617EF0E7D4}.Debug|x86.Build.0 = Debug|Any CPU
		{47B68244-5052-426E-8B3F-DC617EF0E7D4}.Release|Any CPU.ActiveCfg = Release|Any CPU
		{47B68244-5052-426E-8B3F-DC617EF0E7D4}.Release|Any CPU.Build.0 = Release|Any CPU
		{47B68244-5052-426E-8B3F-DC617EF0E7D4}.Release|x64.ActiveCfg = Release|Any CPU
		{47B68244-5052-426E-8B3F-DC617EF0E7D4}.Release|x64.Build.0 = Release|Any CPU
		{47B68244-5052-426E-8B3F-DC617EF0E7D4}.Release|x86.ActiveCfg = Release|Any CPU
		{47B68244-5052-426E-8B3F-DC617EF0E7D4}.Release|x86.Build.0 = Release|Any CPU
		{F7426B2C-F4C1-4333-AC5E-09A128EBE592}.Debug|Any CPU.ActiveCfg = Debug|Any CPU
		{F7426B2C-F4C1-4333-AC5E-09A128EBE592}.Debug|Any CPU.Build.0 = Debug|Any CPU
		{F7426B2C-F4C1-4333-AC5E-09A128EBE592}.Debug|x64.ActiveCfg = Debug|Any CPU
		{F7426B2C-F4C1-4333-AC5E-09A128EBE592}.Debug|x64.Build.0 = Debug|Any CPU
		{F7426B2C-F4C1-4333-AC5E-09A128EBE592}.Debug|x86.ActiveCfg = Debug|Any CPU
		{F7426B2C-F4C1-4333-AC5E-09A128EBE592}.Debug|x86.Build.0 = Debug|Any CPU
		{F7426B2C-F4C1-4333-AC5E-09A128EBE592}.Release|Any CPU.ActiveCfg = Release|Any CPU
		{F7426B2C-F4C1-4333-AC5E-09A128EBE592}.Release|Any CPU.Build.0 = Release|Any CPU
		{F7426B2C-F4C1-4333-AC5E-09A128EBE592}.Release|x64.ActiveCfg = Release|Any CPU
		{F7426B2C-F4C1-4333-AC5E-09A128EBE592}.Release|x64.Build.0 = Release|Any CPU
		{F7426B2C-F4C1-4333-AC5E-09A128EBE592}.Release|x86.ActiveCfg = Release|Any CPU
		{F7426B2C-F4C1-4333-AC5E-09A128EBE592}.Release|x86.Build.0 = Release|Any CPU
		{C70CEF08-9788-4B95-84EF-79F8008A8AF7}.Debug|Any CPU.ActiveCfg = Debug|Any CPU
		{C70CEF08-9788-4B95-84EF-79F8008A8AF7}.Debug|Any CPU.Build.0 = Debug|Any CPU
		{C70CEF08-9788-4B95-84EF-79F8008A8AF7}.Debug|x64.ActiveCfg = Debug|Any CPU
		{C70CEF08-9788-4B95-84EF-79F8008A8AF7}.Debug|x64.Build.0 = Debug|Any CPU
		{C70CEF08-9788-4B95-84EF-79F8008A8AF7}.Debug|x86.ActiveCfg = Debug|Any CPU
		{C70CEF08-9788-4B95-84EF-79F8008A8AF7}.Debug|x86.Build.0 = Debug|Any CPU
		{C70CEF08-9788-4B95-84EF-79F8008A8AF7}.Release|Any CPU.ActiveCfg = Release|Any CPU
		{C70CEF08-9788-4B95-84EF-79F8008A8AF7}.Release|Any CPU.Build.0 = Release|Any CPU
		{C70CEF08-9788-4B95-84EF-79F8008A8AF7}.Release|x64.ActiveCfg = Release|Any CPU
		{C70CEF08-9788-4B95-84EF-79F8008A8AF7}.Release|x64.Build.0 = Release|Any CPU
		{C70CEF08-9788-4B95-84EF-79F8008A8AF7}.Release|x86.ActiveCfg = Release|Any CPU
		{C70CEF08-9788-4B95-84EF-79F8008A8AF7}.Release|x86.Build.0 = Release|Any CPU
		{8EFD0637-C1D9-4769-B509-862D3C032CEB}.Debug|Any CPU.ActiveCfg = Debug|Any CPU
		{8EFD0637-C1D9-4769-B509-862D3C032CEB}.Debug|Any CPU.Build.0 = Debug|Any CPU
		{8EFD0637-C1D9-4769-B509-862D3C032CEB}.Debug|x64.ActiveCfg = Debug|Any CPU
		{8EFD0637-C1D9-4769-B509-862D3C032CEB}.Debug|x64.Build.0 = Debug|Any CPU
		{8EFD0637-C1D9-4769-B509-862D3C032CEB}.Debug|x86.ActiveCfg = Debug|Any CPU
		{8EFD0637-C1D9-4769-B509-862D3C032CEB}.Debug|x86.Build.0 = Debug|Any CPU
		{8EFD0637-C1D9-4769-B509-862D3C032CEB}.Release|Any CPU.ActiveCfg = Release|Any CPU
		{8EFD0637-C1D9-4769-B509-862D3C032CEB}.Release|Any CPU.Build.0 = Release|Any CPU
		{8EFD0637-C1D9-4769-B509-862D3C032CEB}.Release|x64.ActiveCfg = Release|Any CPU
		{8EFD0637-C1D9-4769-B509-862D3C032CEB}.Release|x64.Build.0 = Release|Any CPU
		{8EFD0637-C1D9-4769-B509-862D3C032CEB}.Release|x86.ActiveCfg = Release|Any CPU
		{8EFD0637-C1D9-4769-B509-862D3C032CEB}.Release|x86.Build.0 = Release|Any CPU
		{16902988-04D9-437D-94C2-E90E3D98FC55}.Debug|Any CPU.ActiveCfg = Debug|Any CPU
		{16902988-04D9-437D-94C2-E90E3D98FC55}.Debug|Any CPU.Build.0 = Debug|Any CPU
		{16902988-04D9-437D-94C2-E90E3D98FC55}.Debug|x64.ActiveCfg = Debug|Any CPU
		{16902988-04D9-437D-94C2-E90E3D98FC55}.Debug|x64.Build.0 = Debug|Any CPU
		{16902988-04D9-437D-94C2-E90E3D98FC55}.Debug|x86.ActiveCfg = Debug|Any CPU
		{16902988-04D9-437D-94C2-E90E3D98FC55}.Debug|x86.Build.0 = Debug|Any CPU
		{16902988-04D9-437D-94C2-E90E3D98FC55}.Release|Any CPU.ActiveCfg = Release|Any CPU
		{16902988-04D9-437D-94C2-E90E3D98FC55}.Release|Any CPU.Build.0 = Release|Any CPU
		{16902988-04D9-437D-94C2-E90E3D98FC55}.Release|x64.ActiveCfg = Release|Any CPU
		{16902988-04D9-437D-94C2-E90E3D98FC55}.Release|x64.Build.0 = Release|Any CPU
		{16902988-04D9-437D-94C2-E90E3D98FC55}.Release|x86.ActiveCfg = Release|Any CPU
		{16902988-04D9-437D-94C2-E90E3D98FC55}.Release|x86.Build.0 = Release|Any CPU
	EndGlobalSection
	GlobalSection(SolutionProperties) = preSolution
		HideSolutionNode = FALSE
	EndGlobalSection
	GlobalSection(NestedProjects) = preSolution
		{47B68244-5052-426E-8B3F-DC617EF0E7D4} = {827E0CD3-B72D-47B6-A68D-7590B98EB39B}
		{F7426B2C-F4C1-4333-AC5E-09A128EBE592} = {827E0CD3-B72D-47B6-A68D-7590B98EB39B}
		{C70CEF08-9788-4B95-84EF-79F8008A8AF7} = {827E0CD3-B72D-47B6-A68D-7590B98EB39B}
		{8EFD0637-C1D9-4769-B509-862D3C032CEB} = {827E0CD3-B72D-47B6-A68D-7590B98EB39B}
		{16902988-04D9-437D-94C2-E90E3D98FC55} = {827E0CD3-B72D-47B6-A68D-7590B98EB39B}
	EndGlobalSection
EndGlobal
